
Microsoft Visual Studio Solution File, Format Version 12.00
# Visual Studio Version 17
VisualStudioVersion = 17.0.32014.148
MinimumVisualStudioVersion = 10.0.40219.1
Project("{2150E333-8FDC-42A3-9474-1A3956D46DE8}") = "Solution Items", "Solution Items", "{66D92C93-3982-4800-924C-C15032206896}"
	ProjectSection(SolutionItems) = preProject
		CreateTestTablesScript_PostgreSql.sql = CreateTestTablesScript_PostgreSql.sql
		CreateTestTablesScript_SqlServer.sql = CreateTestTablesScript_SqlServer.sql
	EndProjectSection
EndProject
Project("{2150E333-8FDC-42A3-9474-1A3956D46DE8}") = "Sources", "Sources", "{28E0B6EC-7CB2-4790-B5DE-BA0B6AB37E07}"
EndProject
Project("{9A19103F-16F7-4668-BE54-9A1E7A4F7556}") = "FluentHelper.EntityFrameworkCore.Examples.Mappings", "FluentHelper.EntityFrameworkCore.Examples.Mappings\FluentHelper.EntityFrameworkCore.Examples.Mappings.csproj", "{1C566C0D-105A-42B3-BFD0-7B363718310B}"
EndProject
Project("{9A19103F-16F7-4668-BE54-9A1E7A4F7556}") = "FluentHelper.EntityFrameworkCore.Examples.Models", "FluentHelper.EntityFrameworkCore.Examples.Models\FluentHelper.EntityFrameworkCore.Examples.Models.csproj", "{9A6213B8-9476-45D0-8088-0D437DCCDA80}"
EndProject
Project("{9A19103F-16F7-4668-BE54-9A1E7A4F7556}") = "FluentHelper.EntityFrameworkCore.Examples.Repositories", "FluentHelper.EntityFrameworkCore.Examples.Repositories\FluentHelper.EntityFrameworkCore.Examples.Repositories.csproj", "{236BC638-260B-4B75-B3A7-CE6F5D5F1B68}"
EndProject
Project("{9A19103F-16F7-4668-BE54-9A1E7A4F7556}") = "FluentHelper.EntityFrameworkCore.Examples.Runner", "FluentHelper.EntityFrameworkCore.Examples.Runner\FluentHelper.EntityFrameworkCore.Examples.Runner.csproj", "{4F6F4078-04E1-4D06-8DCF-556CB42ECBEB}"
EndProject
Project("{9A19103F-16F7-4668-BE54-9A1E7A4F7556}") = "FluentHelper.EntityFrameworkCore", "..\Sources\Core\FluentHelper.EntityFrameworkCore\FluentHelper.EntityFrameworkCore.csproj", "{47240A3E-9384-4A77-AA09-93AABE5E9E0C}"
EndProject
Project("{9A19103F-16F7-4668-BE54-9A1E7A4F7556}") = "FluentHelper.EntityFrameworkCore.SqlServer", "..\Sources\Providers\FluentHelper.EntityFrameworkCore.SqlServer\FluentHelper.EntityFrameworkCore.SqlServer.csproj", "{BD660BF2-FB9E-4948-B28E-F62D93FBD166}"
EndProject
Project("{9A19103F-16F7-4668-BE54-9A1E7A4F7556}") = "FluentHelper.EntityFrameworkCore.PostgreSql", "..\Sources\Providers\FluentHelper.EntityFrameworkCore.PostgreSQL\FluentHelper.EntityFrameworkCore.PostgreSql.csproj", "{8A1FB7CF-00DB-4961-9401-A0D87E89B902}"
EndProject
Project("{9A19103F-16F7-4668-BE54-9A1E7A4F7556}") = "FluentHelper.EntityFrameworkCore.Examples.Tests", "FluentHelper.EntityFrameworkCore.Examples.Tests\FluentHelper.EntityFrameworkCore.Examples.Tests.csproj", "{30E43868-6DE5-4D50-B573-9F362B525E99}"
EndProject
Project("{9A19103F-16F7-4668-BE54-9A1E7A4F7556}") = "FluentHelper.EntityFrameworkCore.InMemory", "..\Sources\Providers\FluentHelper.EntityFrameworkCore.InMemory\FluentHelper.EntityFrameworkCore.InMemory.csproj", "{BBAAEA26-6F18-45C5-81F1-8C1A05F05FBF}"
EndProject
Global
	GlobalSection(SolutionConfigurationPlatforms) = preSolution
		Debug|Any CPU = Debug|Any CPU
		Release|Any CPU = Release|Any CPU
	EndGlobalSection
	GlobalSection(ProjectConfigurationPlatforms) = postSolution
		{1C566C0D-105A-42B3-BFD0-7B363718310B}.Debug|Any CPU.ActiveCfg = Debug|Any CPU
		{1C566C0D-105A-42B3-BFD0-7B363718310B}.Debug|Any CPU.Build.0 = Debug|Any CPU
		{1C566C0D-105A-42B3-BFD0-7B363718310B}.Release|Any CPU.ActiveCfg = Release|Any CPU
		{1C566C0D-105A-42B3-BFD0-7B363718310B}.Release|Any CPU.Build.0 = Release|Any CPU
		{9A6213B8-9476-45D0-8088-0D437DCCDA80}.Debug|Any CPU.ActiveCfg = Debug|Any CPU
		{9A6213B8-9476-45D0-8088-0D437DCCDA80}.Debug|Any CPU.Build.0 = Debug|Any CPU
		{9A6213B8-9476-45D0-8088-0D437DCCDA80}.Release|Any CPU.ActiveCfg = Release|Any CPU
		{9A6213B8-9476-45D0-8088-0D437DCCDA80}.Release|Any CPU.Build.0 = Release|Any CPU
		{236BC638-260B-4B75-B3A7-CE6F5D5F1B68}.Debug|Any CPU.ActiveCfg = Debug|Any CPU
		{236BC638-260B-4B75-B3A7-CE6F5D5F1B68}.Debug|Any CPU.Build.0 = Debug|Any CPU
		{236BC638-260B-4B75-B3A7-CE6F5D5F1B68}.Release|Any CPU.ActiveCfg = Release|Any CPU
		{236BC638-260B-4B75-B3A7-CE6F5D5F1B68}.Release|Any CPU.Build.0 = Release|Any CPU
		{4F6F4078-04E1-4D06-8DCF-556CB42ECBEB}.Debug|Any CPU.ActiveCfg = Debug|Any CPU
		{4F6F4078-04E1-4D06-8DCF-556CB42ECBEB}.Debug|Any CPU.Build.0 = Debug|Any CPU
		{4F6F4078-04E1-4D06-8DCF-556CB42ECBEB}.Release|Any CPU.ActiveCfg = Release|Any CPU
		{4F6F4078-04E1-4D06-8DCF-556CB42ECBEB}.Release|Any CPU.Build.0 = Release|Any CPU
		{47240A3E-9384-4A77-AA09-93AABE5E9E0C}.Debug|Any CPU.ActiveCfg = Debug|Any CPU
		{47240A3E-9384-4A77-AA09-93AABE5E9E0C}.Debug|Any CPU.Build.0 = Debug|Any CPU
		{47240A3E-9384-4A77-AA09-93AABE5E9E0C}.Release|Any CPU.ActiveCfg = Release|Any CPU
		{47240A3E-9384-4A77-AA09-93AABE5E9E0C}.Release|Any CPU.Build.0 = Release|Any CPU
		{BD660BF2-FB9E-4948-B28E-F62D93FBD166}.Debug|Any CPU.ActiveCfg = Debug|Any CPU
		{BD660BF2-FB9E-4948-B28E-F62D93FBD166}.Debug|Any CPU.Build.0 = Debug|Any CPU
		{BD660BF2-FB9E-4948-B28E-F62D93FBD166}.Release|Any CPU.ActiveCfg = Release|Any CPU
		{BD660BF2-FB9E-4948-B28E-F62D93FBD166}.Release|Any CPU.Build.0 = Release|Any CPU
		{8A1FB7CF-00DB-4961-9401-A0D87E89B902}.Debug|Any CPU.ActiveCfg = Debug|Any CPU
		{8A1FB7CF-00DB-4961-9401-A0D87E89B902}.Debug|Any CPU.Build.0 = Debug|Any CPU
		{8A1FB7CF-00DB-4961-9401-A0D87E89B902}.Release|Any CPU.ActiveCfg = Release|Any CPU
		{8A1FB7CF-00DB-4961-9401-A0D87E89B902}.Release|Any CPU.Build.0 = Release|Any CPU
		{30E43868-6DE5-4D50-B573-9F362B525E99}.Debug|Any CPU.ActiveCfg = Debug|Any CPU
		{30E43868-6DE5-4D50-B573-9F362B525E99}.Debug|Any CPU.Build.0 = Debug|Any CPU
		{30E43868-6DE5-4D50-B573-9F362B525E99}.Release|Any CPU.ActiveCfg = Release|Any CPU
		{30E43868-6DE5-4D50-B573-9F362B525E99}.Release|Any CPU.Build.0 = Release|Any CPU
		{BBAAEA26-6F18-45C5-81F1-8C1A05F05FBF}.Debug|Any CPU.ActiveCfg = Debug|Any CPU
		{BBAAEA26-6F18-45C5-81F1-8C1A05F05FBF}.Debug|Any CPU.Build.0 = Debug|Any CPU
		{BBAAEA26-6F18-45C5-81F1-8C1A05F05FBF}.Release|Any CPU.ActiveCfg = Release|Any CPU
		{BBAAEA26-6F18-45C5-81F1-8C1A05F05FBF}.Release|Any CPU.Build.0 = Release|Any CPU
	EndGlobalSection
	GlobalSection(SolutionProperties) = preSolution
		HideSolutionNode = FALSE
	EndGlobalSection
	GlobalSection(NestedProjects) = preSolution
		{47240A3E-9384-4A77-AA09-93AABE5E9E0C} = {28E0B6EC-7CB2-4790-B5DE-BA0B6AB37E07}
		{BD660BF2-FB9E-4948-B28E-F62D93FBD166} = {28E0B6EC-7CB2-4790-B5DE-BA0B6AB37E07}
		{8A1FB7CF-00DB-4961-9401-A0D87E89B902} = {28E0B6EC-7CB2-4790-B5DE-BA0B6AB37E07}
		{BBAAEA26-6F18-45C5-81F1-8C1A05F05FBF} = {28E0B6EC-7CB2-4790-B5DE-BA0B6AB37E07}
	EndGlobalSection
	GlobalSection(ExtensibilityGlobals) = postSolution
		SolutionGuid = {5C51CB4A-6D37-4C5C-9AC2-84147BB925AC}
	EndGlobalSection
EndGlobal
